github.com/davecgh/go-spew v1.1.0/go.mod h1:J7Y8YcW2NihsgmVo/mv3lAwl/skON4iLHjSsI+c5H38=
github.com/davecgh/go-spew v1.1.1 h1:vj9j/u1bqnvCEfJOwUhtlOARqs3+rkHYY13jYWTU97c=
github.com/davecgh/go-spew v1.1.1/go.mod h1:J7Y8YcW2NihsgmVo/mv3lAwl/skON4iLHjSsI+c5H38=
github.com/lunixbochs/struc v0.0.0-20241101090106-8d528fa2c543 h1:GxMuVb9tJajC1QpbQwYNY1ZAo1EIE8I+UclBjOfjz/M=
github.com/lunixbochs/struc v0.0.0-20241101090106-8d528fa2c543/go.mod h1:vy1vK6wD6j7xX6O6hXe621WabdtNkou2h7uRtTfRMyg=
github.com/mustafaturan/bus v1.0.2 h1:2x3ErwZ0uUPwwZ5ZZoknEQprdaxr68Yl3mY8jDye1Ws=
github.com/mustafaturan/bus v1.0.2/go.mod h1:h7gfehm8TThv4Dcaa+wDQG7r7j6p74v+7ftr0Rq9i1Q=
github.com/mustafaturan/monoton v0.3.1/go.mod h1:FOnE7NV3s3EWPXb8/7+/OSdiMBbdlkV0Lz8p1dc+vy8=
github.com/mustafaturan/monoton v1.0.0 h1:8SCej+JiNn0lyps7V+Jzc1CRAkDR4EZPWrTupQ61YCQ=
github.com/mustafaturan/monoton v1.0.0/go.mod h1:FOnE7NV3s3EWPXb8/7+/OSdiMBbdlkV0Lz8p1dc+vy8=
github.com/pion/dtls/v3 v3.1.2 h1:gqEdOUXLtCGW+afsBLO0LtDD8GnuBBjEy6HRtyofZTc=
github.com/pion/dtls/v3 v3.1.2/go.mod h1:Hw/igcX4pdY69z1Hgv5x7wJFrUkdgHwAn/Q/uo7YHRo=
github.com/pion/logging v0.2.4 h1:tTew+7cmQ+Mc1pTBLKH2puKsOvhm32dROumOZ655zB8=
github.com/pion/logging v0.2.4/go.mod h1:DffhXTKYdNZU+KtJ5pyQDjvOAh/GsNSyv1lbkFbe3so=
github.com/pion/transport/v4 v4.0.1 h1:sdROELU6BZ63Ab7FrOLn13M6YdJLY20wldXW2Cu2k8o=
github.com/pion/transport/v4 v4.0.1/go.mod h1:nEuEA4AD5lPdcIegQDpVLgNoDGreqM/YqmEx3ovP4jM=
github.com/pmezard/go-difflib v1.0.0 h1:4DBwDE0NGyQoBHbLQYPwSUPoCMWR5BEzIk/f1lZbAQM=
github.com/pmezard/go-difflib v1.0.0/go.mod h1:iKH77koFhYxTK1pcRnkKkqfTogsbg7gZNVY4sRDYZ/4=
github.com/stretchr/objx v0.1.0/go.mod h1:HFkY916IF+rwdDfMAkV7OtwuqBVzrE8GR6GFx+wExME=
github.com/stretchr/testify v1.3.0/go.mod h1:M5WIy9Dh21IEIfnGCwXGc5bZfKNJtfHm1UVUgZn+9EI=
github.com/stretchr/testify v1.11.1 h1:7s2iGBzp5EwR7/aIZr8ao5+dra3wiQyKjjFuvgVKu7U=
github.com/stretchr/testify v1.11.1/go.mod h1:wZwfW3scLgRK+23gO65QZefKpKQRnfz6sD981Nm4B6U=
github.com/xiaokangwang/VLite v0.0.0-20231225174116-75fa4b06e9f2 h1:JwiRCsLsmnNXoKXW0KheE6ZDv+j/ted1dKbd8FABzhY=
github.com/xiaokangwang/VLite v0.0.0-20231225174116-75fa4b06e9f2/go.mod h1:PChnkENmpgFKJRVZ6mX1tFBSZMqXrjbtmc48+fANnwo=
github.com/xssnick/raptorq v1.3.0 h1:3GoaySKMg/i8rbjhIuqjxpTTO2l3Gs2/Gh7k3GAjvGo=
github.com/xssnick/raptorq v1.3.0/go.mod h1:kgEVVsZv2hP+IeV7C7985KIFsDdvYq2ARW234SBA9Q4=
golang.org/x/crypto v0.49.0 h1:+Ng2ULVvLHnJ/ZFEq4KdcDd/cfjrrjjNSXNzxg0Y4U4=
golang.org/x/crypto v0.49.0/go.mod h1:ErX4dUh2UM+CFYiXZRTcMpEcN8b/1gxEuv3nODoYtCA=
golang.org/x/net v0.52.0 h1:He/TN1l0e4mmR3QqHMT2Xab3Aj3L9qjbhRm78/6jrW0=
golang.org/x/net v0.52.0/go.mod h1:R1MAz7uMZxVMualyPXb+VaqGSa3LIaUqk0eEt3w36Sw=
golang.org/x/sys v0.42.0 h1:omrd2nAlyT5ESRdCLYdm3+fMfNFE/+Rf4bDIQImRJeo=
golang.org/x/sys v0.42.0/go.mod h1:4GL1E5IUh+htKOUEOaiffhrAeqysfVGipDYzABqnCmw=
gopkg.in/yaml.v3 v3.0.1 h1:fxVm/GzAzEWqLHuvctI91KS9hhNmmWOoWu0XTYJS7CA=
gopkg.in/yaml.v3 v3.0.1/go.mod h1:K4uyk7z7BCEPqu6E+C64Yfv1cQ7kz7rIZviUmN+EgEM=
